
Microsoft Visual Studio Solution File, Format Version 12.00
# Visual Studio Version 17
VisualStudioVersion = 17.12.35707.178 d17.12
MinimumVisualStudioVersion = 10.0.40219.1
Project("{FAE04EC0-301F-11D3-BF4B-00C04F79EFBC}") = "Step_2", "Step_2\Step_2.csproj", "{9C0C181D-AFA1-47CF-A2D3-D3AE53B5A64D}"
EndProject
Global
	GlobalSection(SolutionConfigurationPlatforms) = preSolution
		Debug|Any CPU = Debug|Any CPU
		Release|Any CPU = Release|Any CPU
	EndGlobalSection
	GlobalSection(ProjectConfigurationPlatforms) = postSolution
		{9C0C181D-AFA1-47CF-A2D3-D3AE53B5A64D}.Debug|Any CPU.ActiveCfg = Debug|Any CPU
		{9C0C181D-AFA1-47CF-A2D3-D3AE53B5A64D}.Debug|Any CPU.Build.0 = Debug|Any CPU
		{9C0C181D-AFA1-47CF-A2D3-D3AE53B5A64D}.Release|Any CPU.ActiveCfg = Release|Any CPU
		{9C0C181D-AFA1-47CF-A2D3-D3AE53B5A64D}.Release|Any CPU.Build.0 = Release|Any CPU
	EndGlobalSection
	GlobalSection(SolutionProperties) = preSolution
		HideSolutionNode = FALSE
	EndGlobalSection
EndGlobal
